
Microsoft Visual Studio Solution File, Format Version 12.00
# Visual Studio Version 17
VisualStudioVersion = 17.5.002.0
MinimumVisualStudioVersion = 10.0.40219.1
Project("{9A19103F-16F7-4668-BE54-9A1E7A4F7556}") = "Blazor_Routing", "Blazor_Routing.csproj", "{A7EC9521-D27C-4844-827E-65075F20783B}"
EndProject
Global
	GlobalSection(SolutionConfigurationPlatforms) = preSolution
		Debug|Any CPU = Debug|Any CPU
		Release|Any CPU = Release|Any CPU
	EndGlobalSection
	GlobalSection(ProjectConfigurationPlatforms) = postSolution
		{A7EC9521-D27C-4844-827E-65075F20783B}.Debug|Any CPU.ActiveCfg = Debug|Any CPU
		{A7EC9521-D27C-4844-827E-65075F20783B}.Debug|Any CPU.Build.0 = Debug|Any CPU
		{A7EC9521-D27C-4844-827E-65075F20783B}.Release|Any CPU.ActiveCfg = Release|Any CPU
		{A7EC9521-D27C-4844-827E-65075F20783B}.Release|Any CPU.Build.0 = Release|Any CPU
	EndGlobalSection
	GlobalSection(SolutionProperties) = preSolution
		HideSolutionNode = FALSE
	EndGlobalSection
	GlobalSection(ExtensibilityGlobals) = postSolution
		SolutionGuid = {A9E4A769-A2B7-41B3-B0B8-0A2D84B58731}
	EndGlobalSection
EndGlobal
